
Microsoft Visual Studio Solution File, Format Version 12.00
# Visual Studio Version 17
VisualStudioVersion = 17.1.32210.238
MinimumVisualStudioVersion = 10.0.40219.1
Project("{9A19103F-16F7-4668-BE54-9A1E7A4F7556}") = "BuilderDesignPattern", "BuilderDesignPattern\BuilderDesignPattern.csproj", "{8B24A0FB-C116-4DB7-AC6B-F00B6DF193FB}"
EndProject
Project("{9A19103F-16F7-4668-BE54-9A1E7A4F7556}") = "ProxyDesignPattern", "ProxyDesignPattern\ProxyDesignPattern.csproj", "{C5B9A668-F7D8-4983-AFF3-8B3F3C798365}"
EndProject
Project("{9A19103F-16F7-4668-BE54-9A1E7A4F7556}") = "IteratorDesignPattern", "IteratorDesignPattern\IteratorDesignPattern.csproj", "{5EF4FC35-D5AA-42E9-9427-529F0D531F80}"
EndProject
Project("{9A19103F-16F7-4668-BE54-9A1E7A4F7556}") = "StrategyDesignPattern", "StrategyDesignPattern\StrategyDesignPattern.csproj", "{5A0442C7-C395-44DA-9444-1C22464600D6}"
EndProject
Project("{9A19103F-16F7-4668-BE54-9A1E7A4F7556}") = "AbstractFactoryDesignPattern", "AbstractFactoryDesignPattern\AbstractFactoryDesignPattern.csproj", "{E0427B0E-37D3-4147-896E-9E55945F73EE}"
EndProject
Project("{9A19103F-16F7-4668-BE54-9A1E7A4F7556}") = "FactoryDesignPattern", "FactoryDesignPattern\FactoryDesignPattern.csproj", "{7BA5C26E-DFE7-4AEF-BB57-939915B74E27}"
EndProject
Project("{9A19103F-16F7-4668-BE54-9A1E7A4F7556}") = "SingletonDesignPattern", "SingletonDesignPattern\SingletonDesignPattern.csproj", "{4A3870E1-CC7B-46B9-86CC-0745F0159E07}"
EndProject
Project("{9A19103F-16F7-4668-BE54-9A1E7A4F7556}") = "DecoratorDesignPattern", "DecoratorDesignPattern\DecoratorDesignPattern.csproj", "{7F296B4E-FF66-4D01-89B2-EF5CEA902A6B}"
EndProject
Project("{9A19103F-16F7-4668-BE54-9A1E7A4F7556}") = "CompositeDesignPattern", "CompositeDesignPattern\CompositeDesignPattern.csproj", "{85FEDC21-AD83-4427-9EF5-168EDECB62EB}"
EndProject
Project("{9A19103F-16F7-4668-BE54-9A1E7A4F7556}") = "FacadeDesignPattern", "FacadeDesignPattern\FacadeDesignPattern.csproj", "{56DC91B5-4E54-45AD-926B-5AE2B2ABDF73}"
EndProject
Project("{9A19103F-16F7-4668-BE54-9A1E7A4F7556}") = "AbstractFactoryDesignPattern_2", "AbstractFactoryDesignPattern_2\AbstractFactoryDesignPattern_2.csproj", "{52B25002-A5B0-4145-B84A-7009833ADB92}"
EndProject
Project("{9A19103F-16F7-4668-BE54-9A1E7A4F7556}") = "PrototypeDesignPattern", "PrototypeDesignPattern\PrototypeDesignPattern.csproj", "{5A0CB85D-C694-4DEF-812F-3A5956BFADAE}"
EndProject
Project("{9A19103F-16F7-4668-BE54-9A1E7A4F7556}") = "AdapterDesignPattern", "AdapterDesignPattern\AdapterDesignPattern.csproj", "{EA79BBD9-2D97-497D-888E-069E0F4EA342}"
EndProject
Project("{FAE04EC0-301F-11D3-BF4B-00C04F79EFBC}") = "FlyweightDesignPattern", "FlyweightDesignPattern\FlyweightDesignPattern.csproj", "{BDE18976-C6E0-40D4-8588-FEC65F57F8C4}"
EndProject
Global
	GlobalSection(SolutionConfigurationPlatforms) = preSolution
		Debug|Any CPU = Debug|Any CPU
		Release|Any CPU = Release|Any CPU
	EndGlobalSection
	GlobalSection(ProjectConfigurationPlatforms) = postSolution
		{8B24A0FB-C116-4DB7-AC6B-F00B6DF193FB}.Debug|Any CPU.ActiveCfg = Debug|Any CPU
		{8B24A0FB-C116-4DB7-AC6B-F00B6DF193FB}.Debug|Any CPU.Build.0 = Debug|Any CPU
		{8B24A0FB-C116-4DB7-AC6B-F00B6DF193FB}.Release|Any CPU.ActiveCfg = Release|Any CPU
		{8B24A0FB-C116-4DB7-AC6B-F00B6DF193FB}.Release|Any CPU.Build.0 = Release|Any CPU
		{C5B9A668-F7D8-4983-AFF3-8B3F3C798365}.Debug|Any CPU.ActiveCfg = Debug|Any CPU
		{C5B9A668-F7D8-4983-AFF3-8B3F3C798365}.Debug|Any CPU.Build.0 = Debug|Any CPU
		{C5B9A668-F7D8-4983-AFF3-8B3F3C798365}.Release|Any CPU.ActiveCfg = Release|Any CPU
		{C5B9A668-F7D8-4983-AFF3-8B3F3C798365}.Release|Any CPU.Build.0 = Release|Any CPU
		{5EF4FC35-D5AA-42E9-9427-529F0D531F80}.Debug|Any CPU.ActiveCfg = Debug|Any CPU
		{5EF4FC35-D5AA-42E9-9427-529F0D531F80}.Debug|Any CPU.Build.0 = Debug|Any CPU
		{5EF4FC35-D5AA-42E9-9427-529F0D531F80}.Release|Any CPU.ActiveCfg = Release|Any CPU
		{5EF4FC35-D5AA-42E9-9427-529F0D531F80}.Release|Any CPU.Build.0 = Release|Any CPU
		{5A0442C7-C395-44DA-9444-1C22464600D6}.Debug|Any CPU.ActiveCfg = Debug|Any CPU
		{5A0442C7-C395-44DA-9444-1C22464600D6}.Debug|Any CPU.Build.0 = Debug|Any CPU
		{5A0442C7-C395-44DA-9444-1C22464600D6}.Release|Any CPU.ActiveCfg = Release|Any CPU
		{5A0442C7-C395-44DA-9444-1C22464600D6}.Release|Any CPU.Build.0 = Release|Any CPU
		{E0427B0E-37D3-4147-896E-9E55945F73EE}.Debug|Any CPU.ActiveCfg = Debug|Any CPU
		{E0427B0E-37D3-4147-896E-9E55945F73EE}.Debug|Any CPU.Build.0 = Debug|Any CPU
		{E0427B0E-37D3-4147-896E-9E55945F73EE}.Release|Any CPU.ActiveCfg = Release|Any CPU
		{E0427B0E-37D3-4147-896E-9E55945F73EE}.Release|Any CPU.Build.0 = Release|Any CPU
		{7BA5C26E-DFE7-4AEF-BB57-939915B74E27}.Debug|Any CPU.ActiveCfg = Debug|Any CPU
		{7BA5C26E-DFE7-4AEF-BB57-939915B74E27}.Debug|Any CPU.Build.0 = Debug|Any CPU
		{7BA5C26E-DFE7-4AEF-BB57-939915B74E27}.Release|Any CPU.ActiveCfg = Release|Any CPU
		{7BA5C26E-DFE7-4AEF-BB57-939915B74E27}.Release|Any CPU.Build.0 = Release|Any CPU
		{4A3870E1-CC7B-46B9-86CC-0745F0159E07}.Debug|Any CPU.ActiveCfg = Debug|Any CPU
		{4A3870E1-CC7B-46B9-86CC-0745F0159E07}.Debug|Any CPU.Build.0 = Debug|Any CPU
		{4A3870E1-CC7B-46B9-86CC-0745F0159E07}.Release|Any CPU.ActiveCfg = Release|Any CPU
		{4A3870E1-CC7B-46B9-86CC-0745F0159E07}.Release|Any CPU.Build.0 = Release|Any CPU
		{7F296B4E-FF66-4D01-89B2-EF5CEA902A6B}.Debug|Any CPU.ActiveCfg = Debug|Any CPU
		{7F296B4E-FF66-4D01-89B2-EF5CEA902A6B}.Debug|Any CPU.Build.0 = Debug|Any CPU
		{7F296B4E-FF66-4D01-89B2-EF5CEA902A6B}.Release|Any CPU.ActiveCfg = Release|Any CPU
		{7F296B4E-FF66-4D01-89B2-EF5CEA902A6B}.Release|Any CPU.Build.0 = Release|Any CPU
		{85FEDC21-AD83-4427-9EF5-168EDECB62EB}.Debug|Any CPU.ActiveCfg = Debug|Any CPU
		{85FEDC21-AD83-4427-9EF5-168EDECB62EB}.Debug|Any CPU.Build.0 = Debug|Any CPU
		{85FEDC21-AD83-4427-9EF5-168EDECB62EB}.Release|Any CPU.ActiveCfg = Release|Any CPU
		{85FEDC21-AD83-4427-9EF5-168EDECB62EB}.Release|Any CPU.Build.0 = Release|Any CPU
		{56DC91B5-4E54-45AD-926B-5AE2B2ABDF73}.Debug|Any CPU.ActiveCfg = Debug|Any CPU
		{56DC91B5-4E54-45AD-926B-5AE2B2ABDF73}.Debug|Any CPU.Build.0 = Debug|Any CPU
		{56DC91B5-4E54-45AD-926B-5AE2B2ABDF73}.Release|Any CPU.ActiveCfg = Release|Any CPU
		{56DC91B5-4E54-45AD-926B-5AE2B2ABDF73}.Release|Any CPU.Build.0 = Release|Any CPU
		{52B25002-A5B0-4145-B84A-7009833ADB92}.Debug|Any CPU.ActiveCfg = Debug|Any CPU
		{52B25002-A5B0-4145-B84A-7009833ADB92}.Debug|Any CPU.Build.0 = Debug|Any CPU
		{52B25002-A5B0-4145-B84A-7009833ADB92}.Release|Any CPU.ActiveCfg = Release|Any CPU
		{52B25002-A5B0-4145-B84A-7009833ADB92}.Release|Any CPU.Build.0 = Release|Any CPU
		{5A0CB85D-C694-4DEF-812F-3A5956BFADAE}.Debug|Any CPU.ActiveCfg = Debug|Any CPU
		{5A0CB85D-C694-4DEF-812F-3A5956BFADAE}.Debug|Any CPU.Build.0 = Debug|Any CPU
		{5A0CB85D-C694-4DEF-812F-3A5956BFADAE}.Release|Any CPU.ActiveCfg = Release|Any CPU
		{5A0CB85D-C694-4DEF-812F-3A5956BFADAE}.Release|Any CPU.Build.0 = Release|Any CPU
		{EA79BBD9-2D97-497D-888E-069E0F4EA342}.Debug|Any CPU.ActiveCfg = Debug|Any CPU
		{EA79BBD9-2D97-497D-888E-069E0F4EA342}.Debug|Any CPU.Build.0 = Debug|Any CPU
		{EA79BBD9-2D97-497D-888E-069E0F4EA342}.Release|Any CPU.ActiveCfg = Release|Any CPU
		{EA79BBD9-2D97-497D-888E-069E0F4EA342}.Release|Any CPU.Build.0 = Release|Any CPU
		{BDE18976-C6E0-40D4-8588-FEC65F57F8C4}.Debug|Any CPU.ActiveCfg = Debug|Any CPU
		{BDE18976-C6E0-40D4-8588-FEC65F57F8C4}.Debug|Any CPU.Build.0 = Debug|Any CPU
		{BDE18976-C6E0-40D4-8588-FEC65F57F8C4}.Release|Any CPU.ActiveCfg = Release|Any CPU
		{BDE18976-C6E0-40D4-8588-FEC65F57F8C4}.Release|Any CPU.Build.0 = Release|Any CPU
	EndGlobalSection
	GlobalSection(SolutionProperties) = preSolution
		HideSolutionNode = FALSE
	EndGlobalSection
	GlobalSection(ExtensibilityGlobals) = postSolution
		SolutionGuid = {93DE61F8-260C-4B84-9F69-7EDE6005AF43}
	EndGlobalSection
EndGlobal
